{
  "name": "t-salesautomators",
  "version": "1.0.0",
  "lockfileVersion": 3,
  "requires": true,
  "packages": {
    "": {
      "name": "t-salesautomators",
      "version": "1.0.0",
      "license": "ISC",
      "dependencies": {
        "@pipedrive/app-extensions-sdk": "^0.10.3"
      }
    },
    "node_modules/@pipedrive/app-extensions-sdk": {
      "version": "0.10.3",
      "resolved": "https://registry.npmjs.org/@pipedrive/app-extensions-sdk/-/app-extensions-sdk-0.10.3.tgz",
      "integrity": "sha512-NmaQp2jzEfVYqJS54f9K5WuLJXm4G0rCU5/MCxQ2v4ZQx9rEBCinaS6ie917PnsA9YK0K6V89ObElfLgQ/H2/Q=="
    }
  }
}
